Microsoft Visual Studio Solution File, Format Version 12.00
# Visual Studio Version 17
VisualStudioVersion = 17.5.2.0
MinimumVisualStudioVersion = 10.0.40219.1
Project("{FAE04EC0-301F-11D3-BF4B-00C04F79EFBC}") = "HealthRecordApp", "HealthRecordApp.csproj", "{7AFCDC01-FF61-B508-A08D-25F25A7E5648}"
EndProject
Global
	GlobalSection(SolutionConfigurationPlatforms) = preSolution
		Debug|Any CPU = Debug|Any CPU
		Release|Any CPU = Release|Any CPU
	EndGlobalSection
	GlobalSection(ProjectConfigurationPlatforms) = postSolution
		{7AFCDC01-FF61-B508-A08D-25F25A7E5648}.Debug|Any CPU.ActiveCfg = Debug|Any CPU
		{7AFCDC01-FF61-B508-A08D-25F25A7E5648}.Debug|Any CPU.Build.0 = Debug|Any CPU
		{7AFCDC01-FF61-B508-A08D-25F25A7E5648}.Release|Any CPU.ActiveCfg = Release|Any CPU
		{7AFCDC01-FF61-B508-A08D-25F25A7E5648}.Release|Any CPU.Build.0 = Release|Any CPU
	EndGlobalSection
	GlobalSection(SolutionProperties) = preSolution
		HideSolutionNode = FALSE
	EndGlobalSection
	GlobalSection(ExtensibilityGlobals) = postSolution
		SolutionGuid = {08E1A96C-29DC-43DB-8826-60445D4D0A20}
	EndGlobalSection
EndGlobal
